
Microsoft Visual Studio Solution File, Format Version 12.00
# Visual Studio Version 16
VisualStudioVersion = 16.0.31205.134
MinimumVisualStudioVersion = 10.0.40219.1
Project("{8BC9CEB8-8B4A-11D0-8D11-00A0C91BC942}") = "NearestNeighbors", "NearestNeighbors\NearestNeighbors.vcxproj", "{D8BFD4C0-38E9-4F07-82AC-99F8783105CE}"
EndProject
Global
	GlobalSection(SolutionConfigurationPlatforms) = preSolution
		Debug|x64 = Debug|x64
		Debug|x86 = Debug|x86
		Release|x64 = Release|x64
		Release|x86 = Release|x86
	EndGlobalSection
	GlobalSection(ProjectConfigurationPlatforms) = postSolution
		{D8BFD4C0-38E9-4F07-82AC-99F8783105CE}.Debug|x64.ActiveCfg = Debug|x64
		{D8BFD4C0-38E9-4F07-82AC-99F8783105CE}.Debug|x64.Build.0 = Debug|x64
		{D8BFD4C0-38E9-4F07-82AC-99F8783105CE}.Debug|x86.ActiveCfg = Debug|Win32
		{D8BFD4C0-38E9-4F07-82AC-99F8783105CE}.Debug|x86.Build.0 = Debug|Win32
		{D8BFD4C0-38E9-4F07-82AC-99F8783105CE}.Release|x64.ActiveCfg = Release|x64
		{D8BFD4C0-38E9-4F07-82AC-99F8783105CE}.Release|x64.Build.0 = Release|x64
		{D8BFD4C0-38E9-4F07-82AC-99F8783105CE}.Release|x86.ActiveCfg = Release|Win32
		{D8BFD4C0-38E9-4F07-82AC-99F8783105CE}.Release|x86.Build.0 = Release|Win32
	EndGlobalSection
	GlobalSection(SolutionProperties) = preSolution
		HideSolutionNode = FALSE
	EndGlobalSection
	GlobalSection(ExtensibilityGlobals) = postSolution
		SolutionGuid = {E7080699-DF4C-4CA4-825A-A119AF4128B2}
	EndGlobalSection
EndGlobal
